Microsoft Visual Studio Solution File, Format Version 12.00
# Visual Studio Version 17
VisualStudioVersion = 17.5.2.0
MinimumVisualStudioVersion = 10.0.40219.1
Project("{FAE04EC0-301F-11D3-BF4B-00C04F79EFBC}") = "MyLangCompiler", "MyLangCompiler.csproj", "{16A83C2A-8475-1575-5CEC-DCFDA3455E80}"
EndProject
Global
	GlobalSection(SolutionConfigurationPlatforms) = preSolution
		Debug|Any CPU = Debug|Any CPU
		Release|Any CPU = Release|Any CPU
	EndGlobalSection
	GlobalSection(ProjectConfigurationPlatforms) = postSolution
		{16A83C2A-8475-1575-5CEC-DCFDA3455E80}.Debug|Any CPU.ActiveCfg = Debug|Any CPU
		{16A83C2A-8475-1575-5CEC-DCFDA3455E80}.Debug|Any CPU.Build.0 = Debug|Any CPU
		{16A83C2A-8475-1575-5CEC-DCFDA3455E80}.Release|Any CPU.ActiveCfg = Release|Any CPU
		{16A83C2A-8475-1575-5CEC-DCFDA3455E80}.Release|Any CPU.Build.0 = Release|Any CPU
	EndGlobalSection
	GlobalSection(SolutionProperties) = preSolution
		HideSolutionNode = FALSE
	EndGlobalSection
	GlobalSection(ExtensibilityGlobals) = postSolution
		SolutionGuid = {4218A281-701C-4995-BDFF-6683E8BB72D6}
	EndGlobalSection
EndGlobal
